
Microsoft Visual Studio Solution File, Format Version 12.00
# Visual Studio Version 16
VisualStudioVersion = 16.0.31112.23
MinimumVisualStudioVersion = 10.0.40219.1
Project("{FAE04EC0-301F-11D3-BF4B-00C04F79EFBC}") = "ALMO_DECRYPT", "ALMO_DECRYPT\ALMO_DECRYPT.csproj", "{7825D702-CB88-48EA-955C-07CA010691C5}"
EndProject
Global
	GlobalSection(SolutionConfigurationPlatforms) = preSolution
		Debug|Any CPU = Debug|Any CPU
		Release|Any CPU = Release|Any CPU
	EndGlobalSection
	GlobalSection(ProjectConfigurationPlatforms) = postSolution
		{7825D702-CB88-48EA-955C-07CA010691C5}.Debug|Any CPU.ActiveCfg = Debug|Any CPU
		{7825D702-CB88-48EA-955C-07CA010691C5}.Debug|Any CPU.Build.0 = Debug|Any CPU
		{7825D702-CB88-48EA-955C-07CA010691C5}.Release|Any CPU.ActiveCfg = Release|Any CPU
		{7825D702-CB88-48EA-955C-07CA010691C5}.Release|Any CPU.Build.0 = Release|Any CPU
	EndGlobalSection
	GlobalSection(SolutionProperties) = preSolution
		HideSolutionNode = FALSE
	EndGlobalSection
	GlobalSection(ExtensibilityGlobals) = postSolution
		SolutionGuid = {F4B5067D-4C18-4A6B-B988-1F2E5543EB11}
	EndGlobalSection
EndGlobal
